
Microsoft Visual Studio Solution File, Format Version 12.00
# Visual Studio Version 17
VisualStudioVersion = 17.11.35303.130
MinimumVisualStudioVersion = 10.0.40219.1
Project("{FAE04EC0-301F-11D3-BF4B-00C04F79EFBC}") = "proyecto_GitHub", "proyecto_GitHub\proyecto_GitHub.csproj", "{B6E7E0F1-DAEB-4ABC-BE6C-14535669B517}"
EndProject
Global
	GlobalSection(SolutionConfigurationPlatforms) = preSolution
		Debug|Any CPU = Debug|Any CPU
		Release|Any CPU = Release|Any CPU
	EndGlobalSection
	GlobalSection(ProjectConfigurationPlatforms) = postSolution
		{B6E7E0F1-DAEB-4ABC-BE6C-14535669B517}.Debug|Any CPU.ActiveCfg = Debug|Any CPU
		{B6E7E0F1-DAEB-4ABC-BE6C-14535669B517}.Debug|Any CPU.Build.0 = Debug|Any CPU
		{B6E7E0F1-DAEB-4ABC-BE6C-14535669B517}.Debug|Any CPU.Deploy.0 = Debug|Any CPU
		{B6E7E0F1-DAEB-4ABC-BE6C-14535669B517}.Release|Any CPU.ActiveCfg = Release|Any CPU
		{B6E7E0F1-DAEB-4ABC-BE6C-14535669B517}.Release|Any CPU.Build.0 = Release|Any CPU
		{B6E7E0F1-DAEB-4ABC-BE6C-14535669B517}.Release|Any CPU.Deploy.0 = Release|Any CPU
	EndGlobalSection
	GlobalSection(SolutionProperties) = preSolution
		HideSolutionNode = FALSE
	EndGlobalSection
	GlobalSection(ExtensibilityGlobals) = postSolution
		SolutionGuid = {599C382C-1195-4366-9C8A-1FF1EB1E3F29}
	EndGlobalSection
EndGlobal
